
Microsoft Visual Studio Solution File, Format Version 12.00
# Visual Studio Version 16
VisualStudioVersion = 16.0.30413.136
MinimumVisualStudioVersion = 10.0.40219.1
Project("{FAE04EC0-301F-11D3-BF4B-00C04F79EFBC}") = "URC", "URC\URC.csproj", "{A3ECC478-2104-4E98-817B-0A1FF39CB9D1}"
EndProject
Global
	GlobalSection(SolutionConfigurationPlatforms) = preSolution
		Debug|Any CPU = Debug|Any CPU
		Release|Any CPU = Release|Any CPU
	EndGlobalSection
	GlobalSection(ProjectConfigurationPlatforms) = postSolution
		{A3ECC478-2104-4E98-817B-0A1FF39CB9D1}.Debug|Any CPU.ActiveCfg = Debug|Any CPU
		{A3ECC478-2104-4E98-817B-0A1FF39CB9D1}.Debug|Any CPU.Build.0 = Debug|Any CPU
		{A3ECC478-2104-4E98-817B-0A1FF39CB9D1}.Release|Any CPU.ActiveCfg = Release|Any CPU
		{A3ECC478-2104-4E98-817B-0A1FF39CB9D1}.Release|Any CPU.Build.0 = Release|Any CPU
	EndGlobalSection
	GlobalSection(SolutionProperties) = preSolution
		HideSolutionNode = FALSE
	EndGlobalSection
	GlobalSection(ExtensibilityGlobals) = postSolution
		SolutionGuid = {6AB3F059-6F17-41B1-95D7-E0906F7AE18A}
	EndGlobalSection
EndGlobal
